
Microsoft Visual Studio Solution File, Format Version 12.00
# Visual Studio Version 16
VisualStudioVersion = 16.0.29905.134
MinimumVisualStudioVersion = 10.0.40219.1
Project("{FAE04EC0-301F-11D3-BF4B-00C04F79EFBC}") = "Stock Market Dashboard", "Stock Market Dashboard\Stock Market Dashboard.csproj", "{C3F064A4-5BAD-4A37-A6BD-8CB8198168FA}"
EndProject
Global
	GlobalSection(SolutionConfigurationPlatforms) = preSolution
		Debug|Any CPU = Debug|Any CPU
		Release|Any CPU = Release|Any CPU
	EndGlobalSection
	GlobalSection(ProjectConfigurationPlatforms) = postSolution
		{C3F064A4-5BAD-4A37-A6BD-8CB8198168FA}.Debug|Any CPU.ActiveCfg = Debug|Any CPU
		{C3F064A4-5BAD-4A37-A6BD-8CB8198168FA}.Debug|Any CPU.Build.0 = Debug|Any CPU
		{C3F064A4-5BAD-4A37-A6BD-8CB8198168FA}.Release|Any CPU.ActiveCfg = Release|Any CPU
		{C3F064A4-5BAD-4A37-A6BD-8CB8198168FA}.Release|Any CPU.Build.0 = Release|Any CPU
	EndGlobalSection
	GlobalSection(SolutionProperties) = preSolution
		HideSolutionNode = FALSE
	EndGlobalSection
	GlobalSection(ExtensibilityGlobals) = postSolution
		SolutionGuid = {E5BB66F9-B201-4F7D-860F-8BD187F641B4}
	EndGlobalSection
EndGlobal
